// !$*UTF8*$!
{
	archiveVersion = 1;
	classes = {
	};
	objectVersion = 55;
	objects = {

/* Begin PBXBuildFile section */
		1293CBF63F3E183060C9D7B7 /* Pods_TestPhotoApp.framework in Frameworks */ = {isa = PBXBuildFile; fileRef = 7BE4825F225AF621ED07C9E9 /* Pods_TestPhotoApp.framework */; };
		F573BF1C27A97B2A0044218A /* AppDelegate.swift in Sources */ = {isa = PBXBuildFile; fileRef = F573BF1B27A97B2A0044218A /* AppDelegate.swift */; };
		F573BF1E27A97B2A0044218A /* SceneDelegate.swift in Sources */ = {isa = PBXBuildFile; fileRef = F573BF1D27A97B2A0044218A /* SceneDelegate.swift */; };
		F573BF2527A97B2E0044218A /* Assets.xcassets in Resources */ = {isa = PBXBuildFile; fileRef = F573BF2427A97B2E0044218A /* Assets.xcassets */; };
		F573BF2827A97B2E0044218A /* LaunchScreen.storyboard in Resources */ = {isa = PBXBuildFile; fileRef = F573BF2627A97B2E0044218A /* LaunchScreen.storyboard */; };
		F573BF3527A97BE30044218A /* FirstViewController.swift in Sources */ = {isa = PBXBuildFile; fileRef = F573BF3427A97BE30044218A /* FirstViewController.swift */; };
		F573BF3727A97BF50044218A /* SecondViewController.swift in Sources */ = {isa = PBXBuildFile; fileRef = F573BF3627A97BF50044218A /* SecondViewController.swift */; };
		F573BF3B27A97C3E0044218A /* DetailViewController.swift in Sources */ = {isa = PBXBuildFile; fileRef = F573BF3A27A97C3E0044218A /* DetailViewController.swift */; };
		F573BF3D27AACBE50044218A /* MainTabBarController.swift in Sources */ = {isa = PBXBuildFile; fileRef = F573BF3C27AACBE40044218A /* MainTabBarController.swift */; };
		F573BF3F27ABA9190044218A /* NetworkRequestManager.swift in Sources */ = {isa = PBXBuildFile; fileRef = F573BF3E27ABA9190044218A /* NetworkRequestManager.swift */; };
		F573BF4127ABBBA30044218A /* NetworkDataManager.swift in Sources */ = {isa = PBXBuildFile; fileRef = F573BF4027ABBBA30044218A /* NetworkDataManager.swift */; };
		F573BF4327ABBBD90044218A /* PhotosModel.swift in Sources */ = {isa = PBXBuildFile; fileRef = F573BF4227ABBBD90044218A /* PhotosModel.swift */; };
		F573BF4527ACF1720044218A /* PhotosCollectionViewCell.swift in Sources */ = {isa = PBXBuildFile; fileRef = F573BF4427ACF1720044218A /* PhotosCollectionViewCell.swift */; };
		F573BF4727AD29D60044218A /* FavouritePhoto.swift in Sources */ = {isa = PBXBuildFile; fileRef = F573BF4627AD29D60044218A /* FavouritePhoto.swift */; };
		F573BF4927AD30530044218A /* PhotoTableViewCell.swift in Sources */ = {isa = PBXBuildFile; fileRef = F573BF4827AD30530044218A /* PhotoTableViewCell.swift */; };
		F59CCC9627AFB45200FF57AD /* FavouritePhotoViewController.swift in Sources */ = {isa = PBXBuildFile; fileRef = F59CCC9527AFB45100FF57AD /* FavouritePhotoViewController.swift */; };
		F59CCC9827AFFDA800FF57AD /* WaterFallLayout.swift in Sources */ = {isa = PBXBuildFile; fileRef = F59CCC9727AFFDA800FF57AD /* WaterFallLayout.swift */; };
/* End PBXBuildFile section */

/* Begin PBXFileReference section */
		3A34EC65FF4FA9DA63CED804 /* Pods-TestPhotoApp.release.xcconfig */ = {isa = PBXFileReference; includeInIndex = 1; lastKnownFileType = text.xcconfig; name = "Pods-TestPhotoApp.release.xcconfig"; path = "Target Support Files/Pods-TestPhotoApp/Pods-TestPhotoApp.release.xcconfig"; sourceTree = "<group>"; };
		7BE4825F225AF621ED07C9E9 /* Pods_TestPhotoApp.framework */ = {isa = PBXFileReference; explicitFileType = wrapper.framework; includeInIndex = 0; path = Pods_TestPhotoApp.framework; sourceTree = BUILT_PRODUCTS_DIR; };
		C8B171C72B44A6635B5672C9 /* Pods-TestPhotoApp.debug.xcconfig */ = {isa = PBXFileReference; includeInIndex = 1; lastKnownFileType = text.xcconfig; name = "Pods-TestPhotoApp.debug.xcconfig"; path = "Target Support Files/Pods-TestPhotoApp/Pods-TestPhotoApp.debug.xcconfig"; sourceTree = "<group>"; };
		F573BF1827A97B2A0044218A /* TestPhotoApp.app */ = {isa = PBXFileReference; explicitFileType = wrapper.application; includeInIndex = 0; path = TestPhotoApp.app; sourceTree = BUILT_PRODUCTS_DIR; };
		F573BF1B27A97B2A0044218A /* AppDelegate.swift */ = {isa = PBXFileReference; lastKnownFileType = sourcecode.swift; path = AppDelegate.swift; sourceTree = "<group>"; };
		F573BF1D27A97B2A0044218A /* SceneDelegate.swift */ = {isa = PBXFileReference; lastKnownFileType = sourcecode.swift; path = SceneDelegate.swift; sourceTree = "<group>"; };
		F573BF2427A97B2E0044218A /* Assets.xcassets */ = {isa = PBXFileReference; lastKnownFileType = folder.assetcatalog; path = Assets.xcassets; sourceTree = "<group>"; };
		F573BF2727A97B2E0044218A /* Base */ = {isa = PBXFileReference; lastKnownFileType = file.storyboard; name = Base; path = Base.lproj/LaunchScreen.storyboard; sourceTree = "<group>"; };
		F573BF2927A97B2E0044218A /* Info.plist */ = {isa = PBXFileReference; lastKnownFileType = text.plist.xml; path = Info.plist; sourceTree = "<group>"; };
		F573BF3427A97BE30044218A /* FirstViewController.swift */ = {isa = PBXFileReference; lastKnownFileType = sourcecode.swift; path = FirstViewController.swift; sourceTree = "<group>"; };
		F573BF3627A97BF50044218A /* SecondViewController.swift */ = {isa = PBXFileReference; lastKnownFileType = sourcecode.swift; path = SecondViewController.swift; sourceTree = "<group>"; };
		F573BF3A27A97C3E0044218A /* DetailViewController.swift */ = {isa = PBXFileReference; lastKnownFileType = sourcecode.swift; path = DetailViewController.swift; sourceTree = "<group>"; };
		F573BF3C27AACBE40044218A /* MainTabBarController.swift */ = {isa = PBXFileReference; lastKnownFileType = sourcecode.swift; path = MainTabBarController.swift; sourceTree = "<group>"; };
		F573BF3E27ABA9190044218A /* NetworkRequestManager.swift */ = {isa = PBXFileReference; lastKnownFileType = sourcecode.swift; path = NetworkRequestManager.swift; sourceTree = "<group>"; };
		F573BF4027ABBBA30044218A /* NetworkDataManager.swift */ = {isa = PBXFileReference; lastKnownFileType = sourcecode.swift; path = NetworkDataManager.swift; sourceTree = "<group>"; };
		F573BF4227ABBBD90044218A /* PhotosModel.swift */ = {isa = PBXFileReference; lastKnownFileType = sourcecode.swift; path = PhotosModel.swift; sourceTree = "<group>"; };
		F573BF4427ACF1720044218A /* PhotosCollectionViewCell.swift */ = {isa = PBXFileReference; lastKnownFileType = sourcecode.swift; path = PhotosCollectionViewCell.swift; sourceTree = "<group>"; };
		F573BF4627AD29D60044218A /* FavouritePhoto.swift */ = {isa = PBXFileReference; lastKnownFileType = sourcecode.swift; path = FavouritePhoto.swift; sourceTree = "<group>"; };
		F573BF4827AD30530044218A /* PhotoTableViewCell.swift */ = {isa = PBXFileReference; lastKnownFileType = sourcecode.swift; path = PhotoTableViewCell.swift; sourceTree = "<group>"; };
		F59CCC9527AFB45100FF57AD /* FavouritePhotoViewController.swift */ = {isa = PBXFileReference; lastKnownFileType = sourcecode.swift; path = FavouritePhotoViewController.swift; sourceTree = "<group>"; };
		F59CCC9727AFFDA800FF57AD /* WaterFallLayout.swift */ = {isa = PBXFileReference; lastKnownFileType = sourcecode.swift; path = WaterFallLayout.swift; sourceTree = "<group>"; };
/* End PBXFileReference section */

/* Begin PBXFrameworksBuildPhase section */
		F573BF1527A97B2A0044218A /* Frameworks */ = {
			isa = PBXFrameworksBuildPhase;
			buildActionMask = 2147483647;
			files = (
				1293CBF63F3E183060C9D7B7 /* Pods_TestPhotoApp.framework in Frameworks */,
			);
			runOnlyForDeploymentPostprocessing = 0;
		};
/* End PBXFrameworksBuildPhase section */

/* Begin PBXGroup section */
		49BD9469D15C6CD3ABE22DE9 /* Pods */ = {
			isa = PBXGroup;
			children = (
				C8B171C72B44A6635B5672C9 /* Pods-TestPhotoApp.debug.xcconfig */,
				3A34EC65FF4FA9DA63CED804 /* Pods-TestPhotoApp.release.xcconfig */,
			);
			path = Pods;
			sourceTree = "<group>";
		};
		F436E486B0F86A3D6D3A2F59 /* Frameworks */ = {
			isa = PBXGroup;
			children = (
				7BE4825F225AF621ED07C9E9 /* Pods_TestPhotoApp.framework */,
			);
			name = Frameworks;
			sourceTree = "<group>";
		};
		F573BF0F27A97B290044218A = {
			isa = PBXGroup;
			children = (
				F573BF1A27A97B2A0044218A /* TestPhotoApp */,
				F573BF1927A97B2A0044218A /* Products */,
				49BD9469D15C6CD3ABE22DE9 /* Pods */,
				F436E486B0F86A3D6D3A2F59 /* Frameworks */,
			);
			sourceTree = "<group>";
		};
		F573BF1927A97B2A0044218A /* Products */ = {
			isa = PBXGroup;
			children = (
				F573BF1827A97B2A0044218A /* TestPhotoApp.app */,
			);
			name = Products;
			sourceTree = "<group>";
		};
		F573BF1A27A97B2A0044218A /* TestPhotoApp */ = {
			isa = PBXGroup;
			children = (
				F573BF3327A97B720044218A /* Network */,
				F573BF3227A97B610044218A /* Model */,
				F573BF3127A97B5B0044218A /* View */,
				F573BF3027A97B530044218A /* Controllers */,
				F573BF2F27A97B4A0044218A /* Supporting Files */,
			);
			path = TestPhotoApp;
			sourceTree = "<group>";
		};
		F573BF2F27A97B4A0044218A /* Supporting Files */ = {
			isa = PBXGroup;
			children = (
				F573BF1B27A97B2A0044218A /* AppDelegate.swift */,
				F573BF1D27A97B2A0044218A /* SceneDelegate.swift */,
				F573BF2927A97B2E0044218A /* Info.plist */,
				F573BF2427A97B2E0044218A /* Assets.xcassets */,
			);
			path = "Supporting Files";
			sourceTree = "<group>";
		};
		F573BF3027A97B530044218A /* Controllers */ = {
			isa = PBXGroup;
			children = (
				F573BF3427A97BE30044218A /* FirstViewController.swift */,
				F573BF3627A97BF50044218A /* SecondViewController.swift */,
				F573BF3A27A97C3E0044218A /* DetailViewController.swift */,
				F573BF3C27AACBE40044218A /* MainTabBarController.swift */,
				F59CCC9527AFB45100FF57AD /* FavouritePhotoViewController.swift */,
				F59CCC9727AFFDA800FF57AD /* WaterFallLayout.swift */,
			);
			path = Controllers;
			sourceTree = "<group>";
		};
		F573BF3127A97B5B0044218A /* View */ = {
			isa = PBXGroup;
			children = (
				F573BF2627A97B2E0044218A /* LaunchScreen.storyboard */,
				F573BF4427ACF1720044218A /* PhotosCollectionViewCell.swift */,
				F573BF4827AD30530044218A /* PhotoTableViewCell.swift */,
			);
			path = View;
			sourceTree = "<group>";
		};
		F573BF3227A97B610044218A /* Model */ = {
			isa = PBXGroup;
			children = (
				F573BF4227ABBBD90044218A /* PhotosModel.swift */,
				F573BF4627AD29D60044218A /* FavouritePhoto.swift */,
			);
			path = Model;
			sourceTree = "<group>";
		};
		F573BF3327A97B720044218A /* Network */ = {
			isa = PBXGroup;
			children = (
				F573BF3E27ABA9190044218A /* NetworkRequestManager.swift */,
				F573BF4027ABBBA30044218A /* NetworkDataManager.swift */,
			);
			path = Network;
			sourceTree = "<group>";
		};
/* End PBXGroup section */

/* Begin PBXNativeTarget section */
		F573BF1727A97B2A0044218A /* TestPhotoApp */ = {
			isa = PBXNativeTarget;
			buildConfigurationList = F573BF2C27A97B2E0044218A /* Build configuration list for PBXNativeTarget "TestPhotoApp" */;
			buildPhases = (
				E1B59BAB22D9227E3361F09C /* [CP] Check Pods Manifest.lock */,
				F573BF1427A97B2A0044218A /* Sources */,
				F573BF1527A97B2A0044218A /* Frameworks */,
				F573BF1627A97B2A0044218A /* Resources */,
				7E03679166B442C7A0F1831A /* [CP] Embed Pods Frameworks */,
			);
			buildRules = (
			);
			dependencies = (
			);
			name = TestPhotoApp;
			productName = TestPhotoApp;
			productReference = F573BF1827A97B2A0044218A /* TestPhotoApp.app */;
			productType = "com.apple.product-type.application";
		};
/* End PBXNativeTarget section */

/* Begin PBXProject section */
		F573BF1027A97B290044218A /* Project object */ = {
			isa = PBXProject;
			attributes = {
				BuildIndependentTargetsInParallel = 1;
				LastSwiftUpdateCheck = 1320;
				LastUpgradeCheck = 1320;
				TargetAttributes = {
					F573BF1727A97B2A0044218A = {
						CreatedOnToolsVersion = 13.2.1;
					};
				};
			};
			buildConfigurationList = F573BF1327A97B290044218A /* Build configuration list for PBXProject "TestPhotoApp" */;
			compatibilityVersion = "Xcode 13.0";
			developmentRegion = en;
			hasScannedForEncodings = 0;
			knownRegions = (
				en,
				Base,
			);
			mainGroup = F573BF0F27A97B290044218A;
			productRefGroup = F573BF1927A97B2A0044218A /* Products */;
			projectDirPath = "";
			projectRoot = "";
			targets = (
				F573BF1727A97B2A0044218A /* TestPhotoApp */,
			);
		};
/* End PBXProject section */

/* Begin PBXResourcesBuildPhase section */
		F573BF1627A97B2A0044218A /* Resources */ = {
			isa = PBXResourcesBuildPhase;
			buildActionMask = 2147483647;
			files = (
				F573BF2827A97B2E0044218A /* LaunchScreen.storyboard in Resources */,
				F573BF2527A97B2E0044218A /* Assets.xcassets in Resources */,
			);
			runOnlyForDeploymentPostprocessing = 0;
		};
/* End PBXResourcesBuildPhase section */

/* Begin PBXShellScriptBuildPhase section */
		7E03679166B442C7A0F1831A /* [CP] Embed Pods Frameworks */ = {
			isa = PBXShellScriptBuildPhase;
			buildActionMask = 2147483647;
			files = (
			);
			inputFileListPaths = (
				"${PODS_ROOT}/Target Support Files/Pods-TestPhotoApp/Pods-TestPhotoApp-frameworks-${CONFIGURATION}-input-files.xcfilelist",
			);
			name = "[CP] Embed Pods Frameworks";
			outputFileListPaths = (
				"${PODS_ROOT}/Target Support Files/Pods-TestPhotoApp/Pods-TestPhotoApp-frameworks-${CONFIGURATION}-output-files.xcfilelist",
			);
			runOnlyForDeploymentPostprocessing = 0;
			shellPath = /bin/sh;
			shellScript = "\"${PODS_ROOT}/Target Support Files/Pods-TestPhotoApp/Pods-TestPhotoApp-frameworks.sh\"\n";
			showEnvVarsInLog = 0;
		};
		E1B59BAB22D9227E3361F09C /* [CP] Check Pods Manifest.lock */ = {
			isa = PBXShellScriptBuildPhase;
			buildActionMask = 2147483647;
			files = (
			);
			inputFileListPaths = (
			);
			inputPaths = (
				"${PODS_PODFILE_DIR_PATH}/Podfile.lock",
				"${PODS_ROOT}/Manifest.lock",
			);
			name = "[CP] Check Pods Manifest.lock";
			outputFileListPaths = (
			);
			outputPaths = (
				"$(DERIVED_FILE_DIR)/Pods-TestPhotoApp-checkManifestLockResult.txt",
			);
			runOnlyForDeploymentPostprocessing = 0;
			shellPath = /bin/sh;
			shellScript = "diff \"${PODS_PODFILE_DIR_PATH}/Podfile.lock\" \"${PODS_ROOT}/Manifest.lock\" > /dev/null\nif [ $? != 0 ] ; then\n    # print error to STDERR\n    echo \"error: The sandbox is not in sync with the Podfile.lock. Run 'pod install' or update your CocoaPods installation.\" >&2\n    exit 1\nfi\n# This output is used by Xcode 'outputs' to avoid re-running this script phase.\necho \"SUCCESS\" > \"${SCRIPT_OUTPUT_FILE_0}\"\n";
			showEnvVarsInLog = 0;
		};
/* End PBXShellScriptBuildPhase section */

/* Begin PBXSourcesBuildPhase section */
		F573BF1427A97B2A0044218A /* Sources */ = {
			isa = PBXSourcesBuildPhase;
			buildActionMask = 2147483647;
			files = (
				F59CCC9827AFFDA800FF57AD /* WaterFallLayout.swift in Sources */,
				F573BF3D27AACBE50044218A /* MainTabBarController.swift in Sources */,
				F59CCC9627AFB45200FF57AD /* FavouritePhotoViewController.swift in Sources */,
				F573BF1C27A97B2A0044218A /* AppDelegate.swift in Sources */,
				F573BF3727A97BF50044218A /* SecondViewController.swift in Sources */,
				F573BF3527A97BE30044218A /* FirstViewController.swift in Sources */,
				F573BF3F27ABA9190044218A /* NetworkRequestManager.swift in Sources */,
				F573BF4527ACF1720044218A /* PhotosCollectionViewCell.swift in Sources */,
				F573BF3B27A97C3E0044218A /* DetailViewController.swift in Sources */,
				F573BF4327ABBBD90044218A /* PhotosModel.swift in Sources */,
				F573BF4927AD30530044218A /* PhotoTableViewCell.swift in Sources */,
				F573BF1E27A97B2A0044218A /* SceneDelegate.swift in Sources */,
				F573BF4727AD29D60044218A /* FavouritePhoto.swift in Sources */,
				F573BF4127ABBBA30044218A /* NetworkDataManager.swift in Sources */,
			);
			runOnlyForDeploymentPostprocessing = 0;
		};
/* End PBXSourcesBuildPhase section */

/* Begin PBXVariantGroup section */
		F573BF2627A97B2E0044218A /* LaunchScreen.storyboard */ = {
			isa = PBXVariantGroup;
			children = (
				F573BF2727A97B2E0044218A /* Base */,
			);
			name = LaunchScreen.storyboard;
			sourceTree = "<group>";
		};
/* End PBXVariantGroup section */

/* Begin XCBuildConfiguration section */
		F573BF2A27A97B2E0044218A /* Debug */ = {
			isa = XCBuildConfiguration;
			buildSettings = {
				ALWAYS_SEARCH_USER_PATHS = NO;
				CLANG_ANALYZER_NONNULL = YES;
				CLANG_ANALYZER_NUMBER_OBJECT_CONVERSION = YES_AGGRESSIVE;
				CLANG_CXX_LANGUAGE_STANDARD = "gnu++17";
				CLANG_CXX_LIBRARY = "libc++";
				CLANG_ENABLE_MODULES = YES;
				CLANG_ENABLE_OBJC_ARC = YES;
				CLANG_ENABLE_OBJC_WEAK = YES;
				CLANG_WARN_BLOCK_CAPTURE_AUTORELEASING = YES;
				CLANG_WARN_BOOL_CONVERSION = YES;
				CLANG_WARN_COMMA = YES;
				CLANG_WARN_CONSTANT_CONVERSION = YES;
				CLANG_WARN_DEPRECATED_OBJC_IMPLEMENTATIONS = YES;
				CLANG_WARN_DIRECT_OBJC_ISA_USAGE = YES_ERROR;
				CLANG_WARN_DOCUMENTATION_COMMENTS = YES;
				CLANG_WARN_EMPTY_BODY = YES;
				CLANG_WARN_ENUM_CONVERSION = YES;
				CLANG_WARN_INFINITE_RECURSION = YES;
				CLANG_WARN_INT_CONVERSION = YES;
				CLANG_WARN_NON_LITERAL_NULL_CONVERSION = YES;
				CLANG_WARN_OBJC_IMPLICIT_RETAIN_SELF = YES;
				CLANG_WARN_OBJC_LITERAL_CONVERSION = YES;
				CLANG_WARN_OBJC_ROOT_CLASS = YES_ERROR;
				CLANG_WARN_QUOTED_INCLUDE_IN_FRAMEWORK_HEADER = YES;
				CLANG_WARN_RANGE_LOOP_ANALYSIS = YES;
				CLANG_WARN_STRICT_PROTOTYPES = YES;
				CLANG_WARN_SUSPICIOUS_MOVE = YES;
				CLANG_WARN_UNGUARDED_AVAILABILITY = YES_AGGRESSIVE;
				CLANG_WARN_UNREACHABLE_CODE = YES;
				CLANG_WARN__DUPLICATE_METHOD_MATCH = YES;
				COPY_PHASE_STRIP = NO;
				DEBUG_INFORMATION_FORMAT = dwarf;
				ENABLE_STRICT_OBJC_MSGSEND = YES;
				ENABLE_TESTABILITY = YES;
				GCC_C_LANGUAGE_STANDARD = gnu11;
				GCC_DYNAMIC_NO_PIC = NO;
				GCC_NO_COMMON_BLOCKS = YES;
				GCC_OPTIMIZATION_LEVEL = 0;
				GCC_PREPROCESSOR_DEFINITIONS = (
					"DEBUG=1",
					"$(inherited)",
				);
				GCC_WARN_64_TO_32_BIT_CONVERSION = YES;
				GCC_WARN_ABOUT_RETURN_TYPE = YES_ERROR;
				GCC_WARN_UNDECLARED_SELECTOR = YES;
				GCC_WARN_UNINITIALIZED_AUTOS = YES_AGGRESSIVE;
				GCC_WARN_UNUSED_FUNCTION = YES;
				GCC_WARN_UNUSED_VARIABLE = YES;
				IPHONEOS_DEPLOYMENT_TARGET = 15.2;
				MTL_ENABLE_DEBUG_INFO = INCLUDE_SOURCE;
				MTL_FAST_MATH = YES;
				ONLY_ACTIVE_ARCH = YES;
				SDKROOT = iphoneos;
				SWIFT_ACTIVE_COMPILATION_CONDITIONS = DEBUG;
				SWIFT_OPTIMIZATION_LEVEL = "-Onone";
			};
			name = Debug;
		};
		F573BF2B27A97B2E0044218A /* Release */ = {
			isa = XCBuildConfiguration;
			buildSettings = {
				ALWAYS_SEARCH_USER_PATHS = NO;
				CLANG_ANALYZER_NONNULL = YES;
				CLANG_ANALYZER_NUMBER_OBJECT_CONVERSION = YES_AGGRESSIVE;
				CLANG_CXX_LANGUAGE_STANDARD = "gnu++17";
				CLANG_CXX_LIBRARY = "libc++";
				CLANG_ENABLE_MODULES = YES;
				CLANG_ENABLE_OBJC_ARC = YES;
				CLANG_ENABLE_OBJC_WEAK = YES;
				CLANG_WARN_BLOCK_CAPTURE_AUTORELEASING = YES;
				CLANG_WARN_BOOL_CONVERSION = YES;
				CLANG_WARN_COMMA = YES;
				CLANG_WARN_CONSTANT_CONVERSION = YES;
				CLANG_WARN_DEPRECATED_OBJC_IMPLEMENTATIONS = YES;
				CLANG_WARN_DIRECT_OBJC_ISA_USAGE = YES_ERROR;
				CLANG_WARN_DOCUMENTATION_COMMENTS = YES;
				CLANG_WARN_EMPTY_BODY = YES;
				CLANG_WARN_ENUM_CONVERSION = YES;
				CLANG_WARN_INFINITE_RECURSION = YES;
				CLANG_WARN_INT_CONVERSION = YES;
				CLANG_WARN_NON_LITERAL_NULL_CONVERSION = YES;
				CLANG_WARN_OBJC_IMPLICIT_RETAIN_SELF = YES;
				CLANG_WARN_OBJC_LITERAL_CONVERSION = YES;
				CLANG_WARN_OBJC_ROOT_CLASS = YES_ERROR;
				CLANG_WARN_QUOTED_INCLUDE_IN_FRAMEWORK_HEADER = YES;
				CLANG_WARN_RANGE_LOOP_ANALYSIS = YES;
				CLANG_WARN_STRICT_PROTOTYPES = YES;
				CLANG_WARN_SUSPICIOUS_MOVE = YES;
				CLANG_WARN_UNGUARDED_AVAILABILITY = YES_AGGRESSIVE;
				CLANG_WARN_UNREACHABLE_CODE = YES;
				CLANG_WARN__DUPLICATE_METHOD_MATCH = YES;
				COPY_PHASE_STRIP = NO;
				DEBUG_INFORMATION_FORMAT = "dwarf-with-dsym";
				ENABLE_NS_ASSERTIONS = NO;
				ENABLE_STRICT_OBJC_MSGSEND = YES;
				GCC_C_LANGUAGE_STANDARD = gnu11;
				GCC_NO_COMMON_BLOCKS = YES;
				GCC_WARN_64_TO_32_BIT_CONVERSION = YES;
				GCC_WARN_ABOUT_RETURN_TYPE = YES_ERROR;
				GCC_WARN_UNDECLARED_SELECTOR = YES;
				GCC_WARN_UNINITIALIZED_AUTOS = YES_AGGRESSIVE;
				GCC_WARN_UNUSED_FUNCTION = YES;
				GCC_WARN_UNUSED_VARIABLE = YES;
				IPHONEOS_DEPLOYMENT_TARGET = 15.2;
				MTL_ENABLE_DEBUG_INFO = NO;
				MTL_FAST_MATH = YES;
				SDKROOT = iphoneos;
				SWIFT_COMPILATION_MODE = wholemodule;
				SWIFT_OPTIMIZATION_LEVEL = "-O";
				VALIDATE_PRODUCT = YES;
			};
			name = Release;
		};
		F573BF2D27A97B2E0044218A /* Debug */ = {
			isa = XCBuildConfiguration;
			baseConfigurationReference = C8B171C72B44A6635B5672C9 /* Pods-TestPhotoApp.debug.xcconfig */;
			buildSettings = {
				ASSETCATALOG_COMPILER_APPICON_NAME = AppIcon;
				ASSETCATALOG_COMPILER_GLOBAL_ACCENT_COLOR_NAME = AccentColor;
				CODE_SIGN_STYLE = Automatic;
				CURRENT_PROJECT_VERSION = 1;
				DEVELOPMENT_TEAM = 58F3PKV5W9;
				GENERATE_INFOPLIST_FILE = YES;
				INFOPLIST_FILE = "TestPhotoApp/Supporting Files/Info.plist";
				INFOPLIST_KEY_UIApplicationSupportsIndirectInputEvents = YES;
				INFOPLIST_KEY_UILaunchStoryboardName = LaunchScreen;
				INFOPLIST_KEY_UISupportedInterfaceOrientations = UIInterfaceOrientationPortrait;
				INFOPLIST_KEY_UISupportedInterfaceOrientations_iPad = "UIInterfaceOrientationPortrait UIInterfaceOrientationPortraitUpsideDown UIInterfaceOrientationLandscapeLeft UIInterfaceOrientationLandscapeRight";
				INFOPLIST_KEY_UISupportedInterfaceOrientations_iPhone = "UIInterfaceOrientationPortrait UIInterfaceOrientationLandscapeLeft UIInterfaceOrientationLandscapeRight";
				IPHONEOS_DEPLOYMENT_TARGET = 14.0;
				LD_RUNPATH_SEARCH_PATHS = (
					"$(inherited)",
					"@executable_path/Frameworks",
				);
				MARKETING_VERSION = 1.0;
				PRODUCT_BUNDLE_IDENTIFIER = com.bobermiha.TestPhotoApp;
				PRODUCT_NAME = "$(TARGET_NAME)";
				SWIFT_EMIT_LOC_STRINGS = YES;
				SWIFT_VERSION = 5.0;
				TARGETED_DEVICE_FAMILY = 1;
			};
			name = Debug;
		};
		F573BF2E27A97B2E0044218A /* Release */ = {
			isa = XCBuildConfiguration;
			baseConfigurationReference = 3A34EC65FF4FA9DA63CED804 /* Pods-TestPhotoApp.release.xcconfig */;
			buildSettings = {
				ASSETCATALOG_COMPILER_APPICON_NAME = AppIcon;
				ASSETCATALOG_COMPILER_GLOBAL_ACCENT_COLOR_NAME = AccentColor;
				CODE_SIGN_STYLE = Automatic;
				CURRENT_PROJECT_VERSION = 1;
				DEVELOPMENT_TEAM = 58F3PKV5W9;
				GENERATE_INFOPLIST_FILE = YES;
				INFOPLIST_FILE = "TestPhotoApp/Supporting Files/Info.plist";
				INFOPLIST_KEY_UIApplicationSupportsIndirectInputEvents = YES;
				INFOPLIST_KEY_UILaunchStoryboardName = LaunchScreen;
				INFOPLIST_KEY_UISupportedInterfaceOrientations = UIInterfaceOrientationPortrait;
				INFOPLIST_KEY_UISupportedInterfaceOrientations_iPad = "UIInterfaceOrientationPortrait UIInterfaceOrientationPortraitUpsideDown UIInterfaceOrientationLandscapeLeft UIInterfaceOrientationLandscapeRight";
				INFOPLIST_KEY_UISupportedInterfaceOrientations_iPhone = "UIInterfaceOrientationPortrait UIInterfaceOrientationLandscapeLeft UIInterfaceOrientationLandscapeRight";
				IPHONEOS_DEPLOYMENT_TARGET = 14.0;
				LD_RUNPATH_SEARCH_PATHS = (
					"$(inherited)",
					"@executable_path/Frameworks",
				);
				MARKETING_VERSION = 1.0;
				PRODUCT_BUNDLE_IDENTIFIER = com.bobermiha.TestPhotoApp;
				PRODUCT_NAME = "$(TARGET_NAME)";
				SWIFT_EMIT_LOC_STRINGS = YES;
				SWIFT_VERSION = 5.0;
				TARGETED_DEVICE_FAMILY = 1;
			};
			name = Release;
		};
/* End XCBuildConfiguration section */

/* Begin XCConfigurationList section */
		F573BF1327A97B290044218A /* Build configuration list for PBXProject "TestPhotoApp" */ = {
			isa = XCConfigurationList;
			buildConfigurations = (
				F573BF2A27A97B2E0044218A /* Debug */,
				F573BF2B27A97B2E0044218A /* Release */,
			);
			defaultConfigurationIsVisible = 0;
			defaultConfigurationName = Release;
		};
		F573BF2C27A97B2E0044218A /* Build configuration list for PBXNativeTarget "TestPhotoApp" */ = {
			isa = XCConfigurationList;
			buildConfigurations = (
				F573BF2D27A97B2E0044218A /* Debug */,
				F573BF2E27A97B2E0044218A /* Release */,
			);
			defaultConfigurationIsVisible = 0;
			defaultConfigurationName = Release;
		};
/* End XCConfigurationList section */
	};
	rootObject = F573BF1027A97B290044218A /* Project object */;
}
